
Microsoft Visual Studio Solution File, Format Version 12.00
# Visual Studio Version 17
VisualStudioVersion = 17.8.34511.84
MinimumVisualStudioVersion = 10.0.40219.1
Project("{8BC9CEB8-8B4A-11D0-8D11-00A0C91BC942}") = "C++ NoughtsAndCrosses", "C++ NoughtsAndCrosses\C++ NoughtsAndCrosses.vcxproj", "{BB0DDB4E-F7E8-43B0-9DFB-21EC3433865E}"
EndProject
Global
	GlobalSection(SolutionConfigurationPlatforms) = preSolution
		Debug|x64 = Debug|x64
		Debug|x86 = Debug|x86
		Release|x64 = Release|x64
		Release|x86 = Release|x86
	EndGlobalSection
	GlobalSection(ProjectConfigurationPlatforms) = postSolution
		{BB0DDB4E-F7E8-43B0-9DFB-21EC3433865E}.Debug|x64.ActiveCfg = Debug|x64
		{BB0DDB4E-F7E8-43B0-9DFB-21EC3433865E}.Debug|x64.Build.0 = Debug|x64
		{BB0DDB4E-F7E8-43B0-9DFB-21EC3433865E}.Debug|x86.ActiveCfg = Debug|Win32
		{BB0DDB4E-F7E8-43B0-9DFB-21EC3433865E}.Debug|x86.Build.0 = Debug|Win32
		{BB0DDB4E-F7E8-43B0-9DFB-21EC3433865E}.Release|x64.ActiveCfg = Release|x64
		{BB0DDB4E-F7E8-43B0-9DFB-21EC3433865E}.Release|x64.Build.0 = Release|x64
		{BB0DDB4E-F7E8-43B0-9DFB-21EC3433865E}.Release|x86.ActiveCfg = Release|Win32
		{BB0DDB4E-F7E8-43B0-9DFB-21EC3433865E}.Release|x86.Build.0 = Release|Win32
	EndGlobalSection
	GlobalSection(SolutionProperties) = preSolution
		HideSolutionNode = FALSE
	EndGlobalSection
	GlobalSection(ExtensibilityGlobals) = postSolution
		SolutionGuid = {7BC6C351-E56E-4213-A571-16F33DE07166}
	EndGlobalSection
EndGlobal
